// !$*UTF8*$!
{
	archiveVersion = 1;
	classes = {
	};
	objectVersion = 56;
	objects = {

/* Begin PBXBuildFile section */
		5C018FD42BA494F300836328 /* OnboardingDestination.swift in Sources */ = {isa = PBXBuildFile; fileRef = 5C018FD32BA494F300836328 /* OnboardingDestination.swift */; };
		5C018FD72BA4951200836328 /* OnboardingView.swift in Sources */ = {isa = PBXBuildFile; fileRef = 5C018FD62BA4951200836328 /* OnboardingView.swift */; };
		5C0643EE2B937C6900C3D3D0 /* MediaPlayerView.swift in Sources */ = {isa = PBXBuildFile; fileRef = 5C0643ED2B937C6900C3D3D0 /* MediaPlayerView.swift */; };
		5C06E1442B86140600F94F79 /* AddToolbar.swift in Sources */ = {isa = PBXBuildFile; fileRef = 5C06E1432B86140600F94F79 /* AddToolbar.swift */; };
		5C06E1472B86384700F94F79 /* SettingsViewModel.swift in Sources */ = {isa = PBXBuildFile; fileRef = 5C06E1462B86384700F94F79 /* SettingsViewModel.swift */; };
		5C06E14A2B86530900F94F79 /* DoneToolbar.swift in Sources */ = {isa = PBXBuildFile; fileRef = 5C06E1492B86530900F94F79 /* DoneToolbar.swift */; };
		5C06E14C2B86539400F94F79 /* CancelToolbar.swift in Sources */ = {isa = PBXBuildFile; fileRef = 5C06E14B2B86539400F94F79 /* CancelToolbar.swift */; };
		5C06E14E2B86563800F94F79 /* SelectionButton.swift in Sources */ = {isa = PBXBuildFile; fileRef = 5C06E14D2B86563800F94F79 /* SelectionButton.swift */; };
		5C06E16E2B8E8E5200F94F79 /* LocalStorage in Frameworks */ = {isa = PBXBuildFile; productRef = 5C06E16D2B8E8E5200F94F79 /* LocalStorage */; };
		5C06E1702B8F77C400F94F79 /* MediaServiceViewModel.swift in Sources */ = {isa = PBXBuildFile; fileRef = 5C06E16F2B8F77C400F94F79 /* MediaServiceViewModel.swift */; };
		5C2E74DA2BDB9C0600322A40 /* ButtonStyles.swift in Sources */ = {isa = PBXBuildFile; fileRef = 5C2E74D92BDB9C0600322A40 /* ButtonStyles.swift */; };
		5C2E74DD2BDBA15100322A40 /* BottomSheet in Frameworks */ = {isa = PBXBuildFile; productRef = 5C2E74DC2BDBA15100322A40 /* BottomSheet */; };
		5C2E74DF2BDBE87D00322A40 /* MediaAssetItemsArchiveList.swift in Sources */ = {isa = PBXBuildFile; fileRef = 5C2E74DE2BDBE87D00322A40 /* MediaAssetItemsArchiveList.swift */; };
		5C35A1CF2BAA112A00F256E8 /* MediaPlayerDestination.swift in Sources */ = {isa = PBXBuildFile; fileRef = 5C35A1CE2BAA112A00F256E8 /* MediaPlayerDestination.swift */; };
		5C46621E2B7C0D9300779BBE /* AssetItemSectionView.swift in Sources */ = {isa = PBXBuildFile; fileRef = 5C46621D2B7C0D9300779BBE /* AssetItemSectionView.swift */; };
		5C4815452B7665C700381627 /* iOSCheckBoxToggleStyle.swift in Sources */ = {isa = PBXBuildFile; fileRef = 5C4815442B7665C700381627 /* iOSCheckBoxToggleStyle.swift */; };
		5C48154D2B766DF900381627 /* MailComposerView.swift in Sources */ = {isa = PBXBuildFile; fileRef = 5C48154C2B766DF900381627 /* MailComposerView.swift */; };
		5C48154F2B7686A800381627 /* ErrorView.swift in Sources */ = {isa = PBXBuildFile; fileRef = 5C48154E2B7686A800381627 /* ErrorView.swift */; };
		5C4815522B78D09700381627 /* DownloadView.swift in Sources */ = {isa = PBXBuildFile; fileRef = 5C4815512B78D09700381627 /* DownloadView.swift */; };
		5C4815542B78D09E00381627 /* DownloadViewModel.swift in Sources */ = {isa = PBXBuildFile; fileRef = 5C4815532B78D09E00381627 /* DownloadViewModel.swift */; };
		5C4815592B78D8A200381627 /* DownloadDestination.swift in Sources */ = {isa = PBXBuildFile; fileRef = 5C4815582B78D8A200381627 /* DownloadDestination.swift */; };
		5C5BB9542B5E63D300ABB76C /* LoadleApp.swift in Sources */ = {isa = PBXBuildFile; fileRef = 5C5BB9532B5E63D300ABB76C /* LoadleApp.swift */; };
		5C5BB9562B5E63D300ABB76C /* ContentView.swift in Sources */ = {isa = PBXBuildFile; fileRef = 5C5BB9552B5E63D300ABB76C /* ContentView.swift */; };
		5C5BB9582B5E63D300ABB76C /* Item.swift in Sources */ = {isa = PBXBuildFile; fileRef = 5C5BB9572B5E63D300ABB76C /* Item.swift */; };
		5C5BB95A2B5E63D400ABB76C /* Assets.xcassets in Resources */ = {isa = PBXBuildFile; fileRef = 5C5BB9592B5E63D400ABB76C /* Assets.xcassets */; };
		5C5BB95E2B5E63D400ABB76C /* Preview Assets.xcassets in Resources */ = {isa = PBXBuildFile; fileRef = 5C5BB95D2B5E63D400ABB76C /* Preview Assets.xcassets */; };
		5C5BB96C2B5E658C00ABB76C /* Logger in Frameworks */ = {isa = PBXBuildFile; productRef = 5C5BB96B2B5E658C00ABB76C /* Logger */; };
		5C5C7D2C2B73EA9100C34933 /* Router.swift in Sources */ = {isa = PBXBuildFile; fileRef = 5C5C7D2B2B73EA9100C34933 /* Router.swift */; };
		5C5C7D2E2B73EB0B00C34933 /* AppRouting.swift in Sources */ = {isa = PBXBuildFile; fileRef = 5C5C7D2D2B73EB0B00C34933 /* AppRouting.swift */; };
		5C6591822BA2EA2900619CB9 /* ContentViewModel.swift in Sources */ = {isa = PBXBuildFile; fileRef = 5C6591812BA2EA2900619CB9 /* ContentViewModel.swift */; };
		5C6CF9F42BA03F10005C7F42 /* MediaAssetItemSectionView.swift in Sources */ = {isa = PBXBuildFile; fileRef = 5C6CF9F32BA03F10005C7F42 /* MediaAssetItemSectionView.swift */; };
		5C74C0C62BADE3CC0040C471 /* AVPlayerView.swift in Sources */ = {isa = PBXBuildFile; fileRef = 5C74C0C52BADE3CC0040C471 /* AVPlayerView.swift */; };
		5CA1BADB2BB453C100A7CA15 /* Nuke in Frameworks */ = {isa = PBXBuildFile; productRef = 5CA1BADA2BB453C100A7CA15 /* Nuke */; };
		5CA1BADD2BB453C100A7CA15 /* NukeExtensions in Frameworks */ = {isa = PBXBuildFile; productRef = 5CA1BADC2BB453C100A7CA15 /* NukeExtensions */; };
		5CA1BADF2BB453C100A7CA15 /* NukeUI in Frameworks */ = {isa = PBXBuildFile; productRef = 5CA1BADE2BB453C100A7CA15 /* NukeUI */; };
		5CA1BAE12BB453C100A7CA15 /* NukeVideo in Frameworks */ = {isa = PBXBuildFile; productRef = 5CA1BAE02BB453C100A7CA15 /* NukeVideo */; };
		5CB923522B716B730032B49C /* SettingsView.swift in Sources */ = {isa = PBXBuildFile; fileRef = 5CB923512B716B730032B49C /* SettingsView.swift */; };
		5CB923572B716DE00032B49C /* DownloadItemSectionView.swift in Sources */ = {isa = PBXBuildFile; fileRef = 5CB923562B716DE00032B49C /* DownloadItemSectionView.swift */; };
		5CB9235A2B7170310032B49C /* ProgressBar.swift in Sources */ = {isa = PBXBuildFile; fileRef = 5CB923592B7170310032B49C /* ProgressBar.swift */; };
		5CB923732B72D6CE0032B49C /* InfoPlist.strings in Resources */ = {isa = PBXBuildFile; fileRef = 5CB923712B72D6CE0032B49C /* InfoPlist.strings */; };
		5CC83DAA2B6FD995005948C1 /* Fundamentals in Frameworks */ = {isa = PBXBuildFile; productRef = 5CC83DA92B6FD995005948C1 /* Fundamentals */; };
		5CC83DAD2B6FDBD7005948C1 /* REST in Frameworks */ = {isa = PBXBuildFile; productRef = 5CC83DAC2B6FDBD7005948C1 /* REST */; };
		5CC83DAF2B6FE883005948C1 /* AppDelegate.swift in Sources */ = {isa = PBXBuildFile; fileRef = 5CC83DAE2B6FE883005948C1 /* AppDelegate.swift */; };
		5CC83DCC2B70EB59005948C1 /* ThemeApplier.swift in Sources */ = {isa = PBXBuildFile; fileRef = 5CC83DCB2B70EB59005948C1 /* ThemeApplier.swift */; };
		5CCA9A322B7C9B05000307C1 /* Constants in Frameworks */ = {isa = PBXBuildFile; productRef = 5CCA9A312B7C9B05000307C1 /* Constants */; };
		5CCA9A3B2B7CB826000307C1 /* Environments in Frameworks */ = {isa = PBXBuildFile; productRef = 5CCA9A3A2B7CB826000307C1 /* Environments */; };
		5CCA9A3F2B7CC2A9000307C1 /* Models in Frameworks */ = {isa = PBXBuildFile; productRef = 5CCA9A3E2B7CC2A9000307C1 /* Models */; };
		5CDA8C4E2BDE5CBE009E6EAA /* CloseButton.swift in Sources */ = {isa = PBXBuildFile; fileRef = 5CDA8C4D2BDE5CBE009E6EAA /* CloseButton.swift */; };
		5CDA8C502BDE6027009E6EAA /* CloseToolbar.swift in Sources */ = {isa = PBXBuildFile; fileRef = 5CDA8C4F2BDE6027009E6EAA /* CloseToolbar.swift */; };
		5CDA8C532BDE7536009E6EAA /* RevenueCat in Frameworks */ = {isa = PBXBuildFile; productRef = 5CDA8C522BDE7536009E6EAA /* RevenueCat */; };
		5CDA8C552BDE7536009E6EAA /* RevenueCatUI in Frameworks */ = {isa = PBXBuildFile; productRef = 5CDA8C542BDE7536009E6EAA /* RevenueCatUI */; };
		5CDA8C572BDE75F5009E6EAA /* StoreKit.framework in Frameworks */ = {isa = PBXBuildFile; fileRef = 5CDA8C562BDE75F5009E6EAA /* StoreKit.framework */; };
		5CF4D5C52BA8D4E80000F754 /* Zip in Frameworks */ = {isa = PBXBuildFile; productRef = 5CF4D5C42BA8D4E80000F754 /* Zip */; };
		5CF59DCB2B790D660051E49D /* SettingsDestination.swift in Sources */ = {isa = PBXBuildFile; fileRef = 5CF59DCA2B790D660051E49D /* SettingsDestination.swift */; };
		5CF59DD12B79124C0051E49D /* SettingsToolbar.swift in Sources */ = {isa = PBXBuildFile; fileRef = 5CF59DD02B79124C0051E49D /* SettingsToolbar.swift */; };
		5CF59DD32B7925040051E49D /* MediaServiceDestination.swift in Sources */ = {isa = PBXBuildFile; fileRef = 5CF59DD22B7925040051E49D /* MediaServiceDestination.swift */; };
		5CF59DD62B7925550051E49D /* MediaServiceView.swift in Sources */ = {isa = PBXBuildFile; fileRef = 5CF59DD52B7925550051E49D /* MediaServiceView.swift */; };
		5CF59DD92B7956990051E49D /* Destination.swift in Sources */ = {isa = PBXBuildFile; fileRef = 5CF59DD82B7956990051E49D /* Destination.swift */; };
/* End PBXBuildFile section */

/* Begin PBXCopyFilesBuildPhase section */
		5CF59DE92B7971000051E49D /* Embed Foundation Extensions */ = {
			isa = PBXCopyFilesBuildPhase;
			buildActionMask = 2147483647;
			dstPath = "";
			dstSubfolderSpec = 13;
			files = (
			);
			name = "Embed Foundation Extensions";
			runOnlyForDeploymentPostprocessing = 0;
		};
/* End PBXCopyFilesBuildPhase section */

/* Begin PBXFileReference section */
		5C018FD32BA494F300836328 /* OnboardingDestination.swift */ = {isa = PBXFileReference; lastKnownFileType = sourcecode.swift; path = OnboardingDestination.swift; sourceTree = "<group>"; };
		5C018FD62BA4951200836328 /* OnboardingView.swift */ = {isa = PBXFileReference; lastKnownFileType = sourcecode.swift; path = OnboardingView.swift; sourceTree = "<group>"; };
		5C0643ED2B937C6900C3D3D0 /* MediaPlayerView.swift */ = {isa = PBXFileReference; lastKnownFileType = sourcecode.swift; path = MediaPlayerView.swift; sourceTree = "<group>"; };
		5C06E1432B86140600F94F79 /* AddToolbar.swift */ = {isa = PBXFileReference; lastKnownFileType = sourcecode.swift; path = AddToolbar.swift; sourceTree = "<group>"; };
		5C06E1452B8618CC00F94F79 /* LocalStorage */ = {isa = PBXFileReference; lastKnownFileType = wrapper; path = LocalStorage; sourceTree = "<group>"; };
		5C06E1462B86384700F94F79 /* SettingsViewModel.swift */ = {isa = PBXFileReference; lastKnownFileType = sourcecode.swift; path = SettingsViewModel.swift; sourceTree = "<group>"; };
		5C06E1492B86530900F94F79 /* DoneToolbar.swift */ = {isa = PBXFileReference; lastKnownFileType = sourcecode.swift; path = DoneToolbar.swift; sourceTree = "<group>"; };
		5C06E14B2B86539400F94F79 /* CancelToolbar.swift */ = {isa = PBXFileReference; lastKnownFileType = sourcecode.swift; path = CancelToolbar.swift; sourceTree = "<group>"; };
		5C06E14D2B86563800F94F79 /* SelectionButton.swift */ = {isa = PBXFileReference; lastKnownFileType = sourcecode.swift; path = SelectionButton.swift; sourceTree = "<group>"; };
		5C06E16F2B8F77C400F94F79 /* MediaServiceViewModel.swift */ = {isa = PBXFileReference; lastKnownFileType = sourcecode.swift; path = MediaServiceViewModel.swift; sourceTree = "<group>"; };
		5C2E74D92BDB9C0600322A40 /* ButtonStyles.swift */ = {isa = PBXFileReference; lastKnownFileType = sourcecode.swift; path = ButtonStyles.swift; sourceTree = "<group>"; };
		5C2E74DE2BDBE87D00322A40 /* MediaAssetItemsArchiveList.swift */ = {isa = PBXFileReference; lastKnownFileType = sourcecode.swift; path = MediaAssetItemsArchiveList.swift; sourceTree = "<group>"; };
		5C35A1CE2BAA112A00F256E8 /* MediaPlayerDestination.swift */ = {isa = PBXFileReference; lastKnownFileType = sourcecode.swift; path = MediaPlayerDestination.swift; sourceTree = "<group>"; };
		5C46621D2B7C0D9300779BBE /* AssetItemSectionView.swift */ = {isa = PBXFileReference; lastKnownFileType = sourcecode.swift; path = AssetItemSectionView.swift; sourceTree = "<group>"; };
		5C4815442B7665C700381627 /* iOSCheckBoxToggleStyle.swift */ = {isa = PBXFileReference; lastKnownFileType = sourcecode.swift; path = iOSCheckBoxToggleStyle.swift; sourceTree = "<group>"; };
		5C48154C2B766DF900381627 /* MailComposerView.swift */ = {isa = PBXFileReference; lastKnownFileType = sourcecode.swift; path = MailComposerView.swift; sourceTree = "<group>"; };
		5C48154E2B7686A800381627 /* ErrorView.swift */ = {isa = PBXFileReference; lastKnownFileType = sourcecode.swift; path = ErrorView.swift; sourceTree = "<group>"; };
		5C4815512B78D09700381627 /* DownloadView.swift */ = {isa = PBXFileReference; lastKnownFileType = sourcecode.swift; path = DownloadView.swift; sourceTree = "<group>"; };
		5C4815532B78D09E00381627 /* DownloadViewModel.swift */ = {isa = PBXFileReference; lastKnownFileType = sourcecode.swift; path = DownloadViewModel.swift; sourceTree = "<group>"; };
		5C4815582B78D8A200381627 /* DownloadDestination.swift */ = {isa = PBXFileReference; lastKnownFileType = sourcecode.swift; path = DownloadDestination.swift; sourceTree = "<group>"; };
		5C5BB9502B5E63D300ABB76C /* Loadle.app */ = {isa = PBXFileReference; explicitFileType = wrapper.application; includeInIndex = 0; path = Loadle.app; sourceTree = BUILT_PRODUCTS_DIR; };
		5C5BB9532B5E63D300ABB76C /* LoadleApp.swift */ = {isa = PBXFileReference; lastKnownFileType = sourcecode.swift; path = LoadleApp.swift; sourceTree = "<group>"; };
		5C5BB9552B5E63D300ABB76C /* ContentView.swift */ = {isa = PBXFileReference; lastKnownFileType = sourcecode.swift; path = ContentView.swift; sourceTree = "<group>"; };
		5C5BB9572B5E63D300ABB76C /* Item.swift */ = {isa = PBXFileReference; lastKnownFileType = sourcecode.swift; path = Item.swift; sourceTree = "<group>"; };
		5C5BB9592B5E63D400ABB76C /* Assets.xcassets */ = {isa = PBXFileReference; lastKnownFileType = folder.assetcatalog; path = Assets.xcassets; sourceTree = "<group>"; };
		5C5BB95B2B5E63D400ABB76C /* Loadle.entitlements */ = {isa = PBXFileReference; lastKnownFileType = text.plist.entitlements; path = Loadle.entitlements; sourceTree = "<group>"; };
		5C5BB95D2B5E63D400ABB76C /* Preview Assets.xcassets */ = {isa = PBXFileReference; lastKnownFileType = folder.assetcatalog; path = "Preview Assets.xcassets"; sourceTree = "<group>"; };
		5C5BB95F2B5E63D400ABB76C /* Info.plist */ = {isa = PBXFileReference; lastKnownFileType = text.plist.xml; path = Info.plist; sourceTree = "<group>"; };
		5C5BB96A2B5E657E00ABB76C /* Logger */ = {isa = PBXFileReference; lastKnownFileType = wrapper; path = Logger; sourceTree = "<group>"; };
		5C5C7D2B2B73EA9100C34933 /* Router.swift */ = {isa = PBXFileReference; lastKnownFileType = sourcecode.swift; path = Router.swift; sourceTree = "<group>"; };
		5C5C7D2D2B73EB0B00C34933 /* AppRouting.swift */ = {isa = PBXFileReference; lastKnownFileType = sourcecode.swift; path = AppRouting.swift; sourceTree = "<group>"; };
		5C6591812BA2EA2900619CB9 /* ContentViewModel.swift */ = {isa = PBXFileReference; lastKnownFileType = sourcecode.swift; path = ContentViewModel.swift; sourceTree = "<group>"; };
		5C6CF9F32BA03F10005C7F42 /* MediaAssetItemSectionView.swift */ = {isa = PBXFileReference; lastKnownFileType = sourcecode.swift; path = MediaAssetItemSectionView.swift; sourceTree = "<group>"; };
		5C74C0C52BADE3CC0040C471 /* AVPlayerView.swift */ = {isa = PBXFileReference; lastKnownFileType = sourcecode.swift; path = AVPlayerView.swift; sourceTree = "<group>"; };
		5C7ADFB52B613A7C00B810C7 /* Fundamentals */ = {isa = PBXFileReference; lastKnownFileType = wrapper; path = Fundamentals; sourceTree = "<group>"; };
		5CA1BAEC2BB465F600A7CA15 /* Assets.xcassets */ = {isa = PBXFileReference; lastKnownFileType = folder.assetcatalog; path = Assets.xcassets; sourceTree = "<group>"; };
		5CB923512B716B730032B49C /* SettingsView.swift */ = {isa = PBXFileReference; lastKnownFileType = sourcecode.swift; path = SettingsView.swift; sourceTree = "<group>"; };
		5CB923562B716DE00032B49C /* DownloadItemSectionView.swift */ = {isa = PBXFileReference; lastKnownFileType = sourcecode.swift; path = DownloadItemSectionView.swift; sourceTree = "<group>"; };
		5CB923592B7170310032B49C /* ProgressBar.swift */ = {isa = PBXFileReference; lastKnownFileType = sourcecode.swift; path = ProgressBar.swift; sourceTree = "<group>"; };
		5CB923722B72D6CE0032B49C /* base */ = {isa = PBXFileReference; lastKnownFileType = text.plist.strings; name = base; path = Localisation/base.lproj/InfoPlist.strings; sourceTree = "<group>"; };
		5CB923762B72D6EA0032B49C /* en */ = {isa = PBXFileReference; lastKnownFileType = text.plist.strings; name = en; path = Localisation/en.lproj/InfoPlist.strings; sourceTree = "<group>"; };
		5CC83DAB2B6FD9E3005948C1 /* REST */ = {isa = PBXFileReference; lastKnownFileType = wrapper; path = REST; sourceTree = "<group>"; };
		5CC83DAE2B6FE883005948C1 /* AppDelegate.swift */ = {isa = PBXFileReference; lastKnownFileType = sourcecode.swift; path = AppDelegate.swift; sourceTree = "<group>"; };
		5CC83DCB2B70EB59005948C1 /* ThemeApplier.swift */ = {isa = PBXFileReference; lastKnownFileType = sourcecode.swift; path = ThemeApplier.swift; sourceTree = "<group>"; };
		5CCA9A302B7C95B6000307C1 /* Constants */ = {isa = PBXFileReference; lastKnownFileType = wrapper; path = Constants; sourceTree = "<group>"; };
		5CCA9A392B7CB7C4000307C1 /* Environments */ = {isa = PBXFileReference; lastKnownFileType = wrapper; path = Environments; sourceTree = "<group>"; };
		5CCA9A3C2B7CB8C1000307C1 /* Models */ = {isa = PBXFileReference; lastKnownFileType = wrapper; path = Models; sourceTree = "<group>"; };
		5CCA9A3D2B7CBA16000307C1 /* Generator */ = {isa = PBXFileReference; lastKnownFileType = wrapper; path = Generator; sourceTree = "<group>"; };
		5CDA8C4D2BDE5CBE009E6EAA /* CloseButton.swift */ = {isa = PBXFileReference; lastKnownFileType = sourcecode.swift; path = CloseButton.swift; sourceTree = "<group>"; };
		5CDA8C4F2BDE6027009E6EAA /* CloseToolbar.swift */ = {isa = PBXFileReference; lastKnownFileType = sourcecode.swift; path = CloseToolbar.swift; sourceTree = "<group>"; };
		5CDA8C562BDE75F5009E6EAA /* StoreKit.framework */ = {isa = PBXFileReference; lastKnownFileType = wrapper.framework; name = StoreKit.framework; path = System/Library/Frameworks/StoreKit.framework; sourceTree = SDKROOT; };
		5CF59DCA2B790D660051E49D /* SettingsDestination.swift */ = {isa = PBXFileReference; lastKnownFileType = sourcecode.swift; path = SettingsDestination.swift; sourceTree = "<group>"; };
		5CF59DD02B79124C0051E49D /* SettingsToolbar.swift */ = {isa = PBXFileReference; lastKnownFileType = sourcecode.swift; path = SettingsToolbar.swift; sourceTree = "<group>"; };
		5CF59DD22B7925040051E49D /* MediaServiceDestination.swift */ = {isa = PBXFileReference; lastKnownFileType = sourcecode.swift; path = MediaServiceDestination.swift; sourceTree = "<group>"; };
		5CF59DD52B7925550051E49D /* MediaServiceView.swift */ = {isa = PBXFileReference; lastKnownFileType = sourcecode.swift; path = MediaServiceView.swift; sourceTree = "<group>"; };
		5CF59DD82B7956990051E49D /* Destination.swift */ = {isa = PBXFileReference; lastKnownFileType = sourcecode.swift; path = Destination.swift; sourceTree = "<group>"; };
		5CF59DE02B7971000051E49D /* ShareViewController.swift */ = {isa = PBXFileReference; lastKnownFileType = sourcecode.swift; path = ShareViewController.swift; sourceTree = "<group>"; };
		5CF59DE52B7971000051E49D /* Info.plist */ = {isa = PBXFileReference; lastKnownFileType = text.plist.xml; path = Info.plist; sourceTree = "<group>"; };
		5CF59DEF2B7A411A0051E49D /* ShareViewModel.swift */ = {isa = PBXFileReference; lastKnownFileType = sourcecode.swift; path = ShareViewModel.swift; sourceTree = "<group>"; };
/* End PBXFileReference section */

/* Begin PBXFrameworksBuildPhase section */
		5C5BB94D2B5E63D300ABB76C /* Frameworks */ = {
			isa = PBXFrameworksBuildPhase;
			buildActionMask = 2147483647;
			files = (
				5CA1BADB2BB453C100A7CA15 /* Nuke in Frameworks */,
				5CF4D5C52BA8D4E80000F754 /* Zip in Frameworks */,
				5CDA8C532BDE7536009E6EAA /* RevenueCat in Frameworks */,
				5CDA8C572BDE75F5009E6EAA /* StoreKit.framework in Frameworks */,
				5CCA9A3B2B7CB826000307C1 /* Environments in Frameworks */,
				5CC83DAD2B6FDBD7005948C1 /* REST in Frameworks */,
				5CCA9A322B7C9B05000307C1 /* Constants in Frameworks */,
				5C06E16E2B8E8E5200F94F79 /* LocalStorage in Frameworks */,
				5CC83DAA2B6FD995005948C1 /* Fundamentals in Frameworks */,
				5CDA8C552BDE7536009E6EAA /* RevenueCatUI in Frameworks */,
				5C2E74DD2BDBA15100322A40 /* BottomSheet in Frameworks */,
				5CA1BAE12BB453C100A7CA15 /* NukeVideo in Frameworks */,
				5CCA9A3F2B7CC2A9000307C1 /* Models in Frameworks */,
				5CA1BADF2BB453C100A7CA15 /* NukeUI in Frameworks */,
				5C5BB96C2B5E658C00ABB76C /* Logger in Frameworks */,
				5CA1BADD2BB453C100A7CA15 /* NukeExtensions in Frameworks */,
			);
			runOnlyForDeploymentPostprocessing = 0;
		};
/* End PBXFrameworksBuildPhase section */

/* Begin PBXGroup section */
		5C018FD52BA4950900836328 /* Onboarding */ = {
			isa = PBXGroup;
			children = (
				5C018FD62BA4951200836328 /* OnboardingView.swift */,
			);
			path = Onboarding;
			sourceTree = "<group>";
		};
		5C0643F62B937E4B00C3D3D0 /* MediaPlayer */ = {
			isa = PBXGroup;
			children = (
				5C0643ED2B937C6900C3D3D0 /* MediaPlayerView.swift */,
				5C74C0C52BADE3CC0040C471 /* AVPlayerView.swift */,
			);
			path = MediaPlayer;
			sourceTree = "<group>";
		};
		5C06E1482B86529F00F94F79 /* Toolbars */ = {
			isa = PBXGroup;
			children = (
				5CF59DD02B79124C0051E49D /* SettingsToolbar.swift */,
				5C06E1432B86140600F94F79 /* AddToolbar.swift */,
				5C06E1492B86530900F94F79 /* DoneToolbar.swift */,
				5C06E14B2B86539400F94F79 /* CancelToolbar.swift */,
				5CDA8C4F2BDE6027009E6EAA /* CloseToolbar.swift */,
			);
			path = Toolbars;
			sourceTree = "<group>";
		};
		5C4815432B7665BB00381627 /* Styles */ = {
			isa = PBXGroup;
			children = (
				5C4815442B7665C700381627 /* iOSCheckBoxToggleStyle.swift */,
				5C2E74D92BDB9C0600322A40 /* ButtonStyles.swift */,
			);
			path = Styles;
			sourceTree = "<group>";
		};
		5C4815502B78D08C00381627 /* Download */ = {
			isa = PBXGroup;
			children = (
				5C4815512B78D09700381627 /* DownloadView.swift */,
				5C4815532B78D09E00381627 /* DownloadViewModel.swift */,
			);
			path = Download;
			sourceTree = "<group>";
		};
		5C5BB9472B5E63D300ABB76C = {
			isa = PBXGroup;
			children = (
				5C5BB9522B5E63D300ABB76C /* Loadle */,
				5C5BB9652B5E646D00ABB76C /* Packages */,
				5CF59DDF2B7971000051E49D /* LoadleShareExtension */,
				5C5BB9512B5E63D300ABB76C /* Products */,
				5C5BB9672B5E64C300ABB76C /* Frameworks */,
			);
			sourceTree = "<group>";
		};
		5C5BB9512B5E63D300ABB76C /* Products */ = {
			isa = PBXGroup;
			children = (
				5C5BB9502B5E63D300ABB76C /* Loadle.app */,
			);
			name = Products;
			sourceTree = "<group>";
		};
		5C5BB9522B5E63D300ABB76C /* Loadle */ = {
			isa = PBXGroup;
			children = (
				5C4815432B7665BB00381627 /* Styles */,
				5C5C7D2A2B73EA6600C34933 /* Routing */,
				5CB9237E2B73AE2B0032B49C /* Modifiers */,
				5CB923582B7170240032B49C /* Components */,
				5CB923532B716CBC0032B49C /* Views */,
				5CC83DAE2B6FE883005948C1 /* AppDelegate.swift */,
				5C5BB9532B5E63D300ABB76C /* LoadleApp.swift */,
				5C5BB9552B5E63D300ABB76C /* ContentView.swift */,
				5C6591812BA2EA2900619CB9 /* ContentViewModel.swift */,
				5C5BB9572B5E63D300ABB76C /* Item.swift */,
				5C5BB9592B5E63D400ABB76C /* Assets.xcassets */,
				5C5BB95B2B5E63D400ABB76C /* Loadle.entitlements */,
				5C5BB95F2B5E63D400ABB76C /* Info.plist */,
				5CB923712B72D6CE0032B49C /* InfoPlist.strings */,
				5C5BB95C2B5E63D400ABB76C /* Preview Content */,
			);
			path = Loadle;
			sourceTree = "<group>";
		};
		5C5BB95C2B5E63D400ABB76C /* Preview Content */ = {
			isa = PBXGroup;
			children = (
				5C5BB95D2B5E63D400ABB76C /* Preview Assets.xcassets */,
			);
			path = "Preview Content";
			sourceTree = "<group>";
		};
		5C5BB9652B5E646D00ABB76C /* Packages */ = {
			isa = PBXGroup;
			children = (
				5C06E1452B8618CC00F94F79 /* LocalStorage */,
				5CCA9A3D2B7CBA16000307C1 /* Generator */,
				5CCA9A3C2B7CB8C1000307C1 /* Models */,
				5CCA9A392B7CB7C4000307C1 /* Environments */,
				5CCA9A302B7C95B6000307C1 /* Constants */,
				5CC83DAB2B6FD9E3005948C1 /* REST */,
				5C7ADFB52B613A7C00B810C7 /* Fundamentals */,
				5C5BB96A2B5E657E00ABB76C /* Logger */,
			);
			path = Packages;
			sourceTree = "<group>";
		};
		5C5BB9672B5E64C300ABB76C /* Frameworks */ = {
			isa = PBXGroup;
			children = (
				5CDA8C562BDE75F5009E6EAA /* StoreKit.framework */,
			);
			name = Frameworks;
			sourceTree = "<group>";
		};
		5C5C7D2A2B73EA6600C34933 /* Routing */ = {
			isa = PBXGroup;
			children = (
				5CF59DC92B790D1B0051E49D /* Destinations */,
				5C5C7D2B2B73EA9100C34933 /* Router.swift */,
				5C5C7D2D2B73EB0B00C34933 /* AppRouting.swift */,
			);
			path = Routing;
			sourceTree = "<group>";
		};
		5CB923532B716CBC0032B49C /* Views */ = {
			isa = PBXGroup;
			children = (
				5C018FD52BA4950900836328 /* Onboarding */,
				5C0643F62B937E4B00C3D3D0 /* MediaPlayer */,
				5CF59DD42B7925470051E49D /* MediaService */,
				5CF59DCF2B7910BE0051E49D /* Settings */,
				5C4815502B78D08C00381627 /* Download */,
				5C48154C2B766DF900381627 /* MailComposerView.swift */,
			);
			path = Views;
			sourceTree = "<group>";
		};
		5CB923582B7170240032B49C /* Components */ = {
			isa = PBXGroup;
			children = (
				5C06E1482B86529F00F94F79 /* Toolbars */,
				5CB923592B7170310032B49C /* ProgressBar.swift */,
				5CB923562B716DE00032B49C /* DownloadItemSectionView.swift */,
				5C48154E2B7686A800381627 /* ErrorView.swift */,
				5C46621D2B7C0D9300779BBE /* AssetItemSectionView.swift */,
				5C06E14D2B86563800F94F79 /* SelectionButton.swift */,
				5C6CF9F32BA03F10005C7F42 /* MediaAssetItemSectionView.swift */,
				5C2E74DE2BDBE87D00322A40 /* MediaAssetItemsArchiveList.swift */,
				5CDA8C4D2BDE5CBE009E6EAA /* CloseButton.swift */,
			);
			path = Components;
			sourceTree = "<group>";
		};
		5CB9237E2B73AE2B0032B49C /* Modifiers */ = {
			isa = PBXGroup;
			children = (
				5CC83DCB2B70EB59005948C1 /* ThemeApplier.swift */,
			);
			path = Modifiers;
			sourceTree = "<group>";
		};
		5CF59DC92B790D1B0051E49D /* Destinations */ = {
			isa = PBXGroup;
			children = (
				5C4815582B78D8A200381627 /* DownloadDestination.swift */,
				5CF59DCA2B790D660051E49D /* SettingsDestination.swift */,
				5CF59DD22B7925040051E49D /* MediaServiceDestination.swift */,
				5CF59DD82B7956990051E49D /* Destination.swift */,
				5C018FD32BA494F300836328 /* OnboardingDestination.swift */,
				5C35A1CE2BAA112A00F256E8 /* MediaPlayerDestination.swift */,
			);
			path = Destinations;
			sourceTree = "<group>";
		};
		5CF59DCF2B7910BE0051E49D /* Settings */ = {
			isa = PBXGroup;
			children = (
				5CB923512B716B730032B49C /* SettingsView.swift */,
				5C06E1462B86384700F94F79 /* SettingsViewModel.swift */,
			);
			path = Settings;
			sourceTree = "<group>";
		};
		5CF59DD42B7925470051E49D /* MediaService */ = {
			isa = PBXGroup;
			children = (
				5CF59DD52B7925550051E49D /* MediaServiceView.swift */,
				5C06E16F2B8F77C400F94F79 /* MediaServiceViewModel.swift */,
			);
			path = MediaService;
			sourceTree = "<group>";
		};
		5CF59DDF2B7971000051E49D /* LoadleShareExtension */ = {
			isa = PBXGroup;
			children = (
				5CF59DE02B7971000051E49D /* ShareViewController.swift */,
				5CF59DE52B7971000051E49D /* Info.plist */,
				5CF59DEF2B7A411A0051E49D /* ShareViewModel.swift */,
				5CA1BAEC2BB465F600A7CA15 /* Assets.xcassets */,
			);
			path = LoadleShareExtension;
			sourceTree = "<group>";
		};
/* End PBXGroup section */

/* Begin PBXNativeTarget section */
		5C5BB94F2B5E63D300ABB76C /* Loadle */ = {
			isa = PBXNativeTarget;
			buildConfigurationList = 5C5BB9622B5E63D400ABB76C /* Build configuration list for PBXNativeTarget "Loadle" */;
			buildPhases = (
				5C5BB94C2B5E63D300ABB76C /* Sources */,
				5C5BB94D2B5E63D300ABB76C /* Frameworks */,
				5C5BB94E2B5E63D300ABB76C /* Resources */,
				5CF59DE92B7971000051E49D /* Embed Foundation Extensions */,
			);
			buildRules = (
			);
			dependencies = (
			);
			name = Loadle;
			packageProductDependencies = (
				5C5BB96B2B5E658C00ABB76C /* Logger */,
				5CC83DA92B6FD995005948C1 /* Fundamentals */,
				5CC83DAC2B6FDBD7005948C1 /* REST */,
				5CCA9A312B7C9B05000307C1 /* Constants */,
				5CCA9A3A2B7CB826000307C1 /* Environments */,
				5CCA9A3E2B7CC2A9000307C1 /* Models */,
				5C06E16D2B8E8E5200F94F79 /* LocalStorage */,
				5CF4D5C42BA8D4E80000F754 /* Zip */,
				5CA1BADA2BB453C100A7CA15 /* Nuke */,
				5CA1BADC2BB453C100A7CA15 /* NukeExtensions */,
				5CA1BADE2BB453C100A7CA15 /* NukeUI */,
				5CA1BAE02BB453C100A7CA15 /* NukeVideo */,
				5C2E74DC2BDBA15100322A40 /* BottomSheet */,
				5CDA8C522BDE7536009E6EAA /* RevenueCat */,
				5CDA8C542BDE7536009E6EAA /* RevenueCatUI */,
			);
			productName = Loadle;
			productReference = 5C5BB9502B5E63D300ABB76C /* Loadle.app */;
			productType = "com.apple.product-type.application";
		};
/* End PBXNativeTarget section */

/* Begin PBXProject section */
		5C5BB9482B5E63D300ABB76C /* Project object */ = {
			isa = PBXProject;
			attributes = {
				BuildIndependentTargetsInParallel = 1;
				LastSwiftUpdateCheck = 1520;
				LastUpgradeCheck = 1520;
				TargetAttributes = {
					5C5BB94F2B5E63D300ABB76C = {
						CreatedOnToolsVersion = 15.2;
					};
				};
			};
			buildConfigurationList = 5C5BB94B2B5E63D300ABB76C /* Build configuration list for PBXProject "Loadle" */;
			compatibilityVersion = "Xcode 14.0";
			developmentRegion = en;
			hasScannedForEncodings = 0;
			knownRegions = (
				en,
				Base,
				base,
			);
			mainGroup = 5C5BB9472B5E63D300ABB76C;
			packageReferences = (
				5C6CF9F02B9F69F5005C7F42 /* XCRemoteSwiftPackageReference "swift-async-queue" */,
				5CF4D5C32BA8D4E80000F754 /* XCRemoteSwiftPackageReference "Zip" */,
				5CA1BAD92BB453C100A7CA15 /* XCRemoteSwiftPackageReference "Nuke" */,
				5C2E74DB2BDBA15000322A40 /* XCRemoteSwiftPackageReference "BottomSheet" */,
				5CDA8C512BDE7536009E6EAA /* XCRemoteSwiftPackageReference "purchases-ios" */,
			);
			productRefGroup = 5C5BB9512B5E63D300ABB76C /* Products */;
			projectDirPath = "";
			projectRoot = "";
			targets = (
				5C5BB94F2B5E63D300ABB76C /* Loadle */,
			);
		};
/* End PBXProject section */

/* Begin PBXResourcesBuildPhase section */
		5C5BB94E2B5E63D300ABB76C /* Resources */ = {
			isa = PBXResourcesBuildPhase;
			buildActionMask = 2147483647;
			files = (
				5C5BB95E2B5E63D400ABB76C /* Preview Assets.xcassets in Resources */,
				5CB923732B72D6CE0032B49C /* InfoPlist.strings in Resources */,
				5C5BB95A2B5E63D400ABB76C /* Assets.xcassets in Resources */,
			);
			runOnlyForDeploymentPostprocessing = 0;
		};
/* End PBXResourcesBuildPhase section */

/* Begin PBXSourcesBuildPhase section */
		5C5BB94C2B5E63D300ABB76C /* Sources */ = {
			isa = PBXSourcesBuildPhase;
			buildActionMask = 2147483647;
			files = (
				5CB9235A2B7170310032B49C /* ProgressBar.swift in Sources */,
				5CDA8C502BDE6027009E6EAA /* CloseToolbar.swift in Sources */,
				5CB923572B716DE00032B49C /* DownloadItemSectionView.swift in Sources */,
				5C06E1442B86140600F94F79 /* AddToolbar.swift in Sources */,
				5C4815522B78D09700381627 /* DownloadView.swift in Sources */,
				5C4815592B78D8A200381627 /* DownloadDestination.swift in Sources */,
				5CF59DD92B7956990051E49D /* Destination.swift in Sources */,
				5CB923522B716B730032B49C /* SettingsView.swift in Sources */,
				5C48154D2B766DF900381627 /* MailComposerView.swift in Sources */,
				5CF59DD62B7925550051E49D /* MediaServiceView.swift in Sources */,
				5C4815542B78D09E00381627 /* DownloadViewModel.swift in Sources */,
				5CDA8C4E2BDE5CBE009E6EAA /* CloseButton.swift in Sources */,
				5C06E14C2B86539400F94F79 /* CancelToolbar.swift in Sources */,
				5C35A1CF2BAA112A00F256E8 /* MediaPlayerDestination.swift in Sources */,
				5C06E14A2B86530900F94F79 /* DoneToolbar.swift in Sources */,
				5C6CF9F42BA03F10005C7F42 /* MediaAssetItemSectionView.swift in Sources */,
				5CC83DAF2B6FE883005948C1 /* AppDelegate.swift in Sources */,
				5CF59DD32B7925040051E49D /* MediaServiceDestination.swift in Sources */,
				5C018FD72BA4951200836328 /* OnboardingView.swift in Sources */,
				5C48154F2B7686A800381627 /* ErrorView.swift in Sources */,
				5C4815452B7665C700381627 /* iOSCheckBoxToggleStyle.swift in Sources */,
				5C018FD42BA494F300836328 /* OnboardingDestination.swift in Sources */,
				5C06E1702B8F77C400F94F79 /* MediaServiceViewModel.swift in Sources */,
				5C6591822BA2EA2900619CB9 /* ContentViewModel.swift in Sources */,
				5C5C7D2C2B73EA9100C34933 /* Router.swift in Sources */,
				5C74C0C62BADE3CC0040C471 /* AVPlayerView.swift in Sources */,
				5C06E14E2B86563800F94F79 /* SelectionButton.swift in Sources */,
				5C46621E2B7C0D9300779BBE /* AssetItemSectionView.swift in Sources */,
				5C0643EE2B937C6900C3D3D0 /* MediaPlayerView.swift in Sources */,
				5C5BB9562B5E63D300ABB76C /* ContentView.swift in Sources */,
				5C2E74DF2BDBE87D00322A40 /* MediaAssetItemsArchiveList.swift in Sources */,
				5C5BB9582B5E63D300ABB76C /* Item.swift in Sources */,
				5CC83DCC2B70EB59005948C1 /* ThemeApplier.swift in Sources */,
				5C06E1472B86384700F94F79 /* SettingsViewModel.swift in Sources */,
				5CF59DD12B79124C0051E49D /* SettingsToolbar.swift in Sources */,
				5CF59DCB2B790D660051E49D /* SettingsDestination.swift in Sources */,
				5C2E74DA2BDB9C0600322A40 /* ButtonStyles.swift in Sources */,
				5C5C7D2E2B73EB0B00C34933 /* AppRouting.swift in Sources */,
				5C5BB9542B5E63D300ABB76C /* LoadleApp.swift in Sources */,
			);
			runOnlyForDeploymentPostprocessing = 0;
		};
/* End PBXSourcesBuildPhase section */

/* Begin PBXVariantGroup section */
		5CB923712B72D6CE0032B49C /* InfoPlist.strings */ = {
			isa = PBXVariantGroup;
			children = (
				5CB923722B72D6CE0032B49C /* base */,
				5CB923762B72D6EA0032B49C /* en */,
			);
			name = InfoPlist.strings;
			sourceTree = "<group>";
		};
/* End PBXVariantGroup section */

/* Begin XCBuildConfiguration section */
		5C5BB9602B5E63D400ABB76C /* Debug */ = {
			isa = XCBuildConfiguration;
			buildSettings = {
				ALWAYS_SEARCH_USER_PATHS = NO;
				ASSETCATALOG_COMPILER_GENERATE_SWIFT_ASSET_SYMBOL_EXTENSIONS = YES;
				CLANG_ANALYZER_NONNULL = YES;
				CLANG_ANALYZER_NUMBER_OBJECT_CONVERSION = YES_AGGRESSIVE;
				CLANG_CXX_LANGUAGE_STANDARD = "gnu++20";
				CLANG_ENABLE_MODULES = YES;
				CLANG_ENABLE_OBJC_ARC = YES;
				CLANG_ENABLE_OBJC_WEAK = YES;
				CLANG_WARN_BLOCK_CAPTURE_AUTORELEASING = YES;
				CLANG_WARN_BOOL_CONVERSION = YES;
				CLANG_WARN_COMMA = YES;
				CLANG_WARN_CONSTANT_CONVERSION = YES;
				CLANG_WARN_DEPRECATED_OBJC_IMPLEMENTATIONS = YES;
				CLANG_WARN_DIRECT_OBJC_ISA_USAGE = YES_ERROR;
				CLANG_WARN_DOCUMENTATION_COMMENTS = YES;
				CLANG_WARN_EMPTY_BODY = YES;
				CLANG_WARN_ENUM_CONVERSION = YES;
				CLANG_WARN_INFINITE_RECURSION = YES;
				CLANG_WARN_INT_CONVERSION = YES;
				CLANG_WARN_NON_LITERAL_NULL_CONVERSION = YES;
				CLANG_WARN_OBJC_IMPLICIT_RETAIN_SELF = YES;
				CLANG_WARN_OBJC_LITERAL_CONVERSION = YES;
				CLANG_WARN_OBJC_ROOT_CLASS = YES_ERROR;
				CLANG_WARN_QUOTED_INCLUDE_IN_FRAMEWORK_HEADER = YES;
				CLANG_WARN_RANGE_LOOP_ANALYSIS = YES;
				CLANG_WARN_STRICT_PROTOTYPES = YES;
				CLANG_WARN_SUSPICIOUS_MOVE = YES;
				CLANG_WARN_UNGUARDED_AVAILABILITY = YES_AGGRESSIVE;
				CLANG_WARN_UNREACHABLE_CODE = YES;
				CLANG_WARN__DUPLICATE_METHOD_MATCH = YES;
				COPY_PHASE_STRIP = NO;
				DEBUG_INFORMATION_FORMAT = dwarf;
				ENABLE_STRICT_OBJC_MSGSEND = YES;
				ENABLE_TESTABILITY = YES;
				ENABLE_USER_SCRIPT_SANDBOXING = NO;
				GCC_C_LANGUAGE_STANDARD = gnu17;
				GCC_DYNAMIC_NO_PIC = NO;
				GCC_NO_COMMON_BLOCKS = YES;
				GCC_OPTIMIZATION_LEVEL = 0;
				GCC_PREPROCESSOR_DEFINITIONS = (
					"DEBUG=1",
					"$(inherited)",
				);
				GCC_WARN_64_TO_32_BIT_CONVERSION = YES;
				GCC_WARN_ABOUT_RETURN_TYPE = YES_ERROR;
				GCC_WARN_UNDECLARED_SELECTOR = YES;
				GCC_WARN_UNINITIALIZED_AUTOS = YES_AGGRESSIVE;
				GCC_WARN_UNUSED_FUNCTION = YES;
				GCC_WARN_UNUSED_VARIABLE = YES;
				LOCALIZATION_PREFERS_STRING_CATALOGS = YES;
				MTL_ENABLE_DEBUG_INFO = INCLUDE_SOURCE;
				MTL_FAST_MATH = YES;
				ONLY_ACTIVE_ARCH = YES;
				SWIFT_ACTIVE_COMPILATION_CONDITIONS = "DEBUG $(inherited)";
				SWIFT_OPTIMIZATION_LEVEL = "-Onone";
			};
			name = Debug;
		};
		5C5BB9612B5E63D400ABB76C /* Release */ = {
			isa = XCBuildConfiguration;
			buildSettings = {
				ALWAYS_SEARCH_USER_PATHS = NO;
				ASSETCATALOG_COMPILER_GENERATE_SWIFT_ASSET_SYMBOL_EXTENSIONS = YES;
				CLANG_ANALYZER_NONNULL = YES;
				CLANG_ANALYZER_NUMBER_OBJECT_CONVERSION = YES_AGGRESSIVE;
				CLANG_CXX_LANGUAGE_STANDARD = "gnu++20";
				CLANG_ENABLE_MODULES = YES;
				CLANG_ENABLE_OBJC_ARC = YES;
				CLANG_ENABLE_OBJC_WEAK = YES;
				CLANG_WARN_BLOCK_CAPTURE_AUTORELEASING = YES;
				CLANG_WARN_BOOL_CONVERSION = YES;
				CLANG_WARN_COMMA = YES;
				CLANG_WARN_CONSTANT_CONVERSION = YES;
				CLANG_WARN_DEPRECATED_OBJC_IMPLEMENTATIONS = YES;
				CLANG_WARN_DIRECT_OBJC_ISA_USAGE = YES_ERROR;
				CLANG_WARN_DOCUMENTATION_COMMENTS = YES;
				CLANG_WARN_EMPTY_BODY = YES;
				CLANG_WARN_ENUM_CONVERSION = YES;
				CLANG_WARN_INFINITE_RECURSION = YES;
				CLANG_WARN_INT_CONVERSION = YES;
				CLANG_WARN_NON_LITERAL_NULL_CONVERSION = YES;
				CLANG_WARN_OBJC_IMPLICIT_RETAIN_SELF = YES;
				CLANG_WARN_OBJC_LITERAL_CONVERSION = YES;
				CLANG_WARN_OBJC_ROOT_CLASS = YES_ERROR;
				CLANG_WARN_QUOTED_INCLUDE_IN_FRAMEWORK_HEADER = YES;
				CLANG_WARN_RANGE_LOOP_ANALYSIS = YES;
				CLANG_WARN_STRICT_PROTOTYPES = YES;
				CLANG_WARN_SUSPICIOUS_MOVE = YES;
				CLANG_WARN_UNGUARDED_AVAILABILITY = YES_AGGRESSIVE;
				CLANG_WARN_UNREACHABLE_CODE = YES;
				CLANG_WARN__DUPLICATE_METHOD_MATCH = YES;
				COPY_PHASE_STRIP = NO;
				DEBUG_INFORMATION_FORMAT = "dwarf-with-dsym";
				ENABLE_NS_ASSERTIONS = NO;
				ENABLE_STRICT_OBJC_MSGSEND = YES;
				ENABLE_USER_SCRIPT_SANDBOXING = NO;
				GCC_C_LANGUAGE_STANDARD = gnu17;
				GCC_NO_COMMON_BLOCKS = YES;
				GCC_WARN_64_TO_32_BIT_CONVERSION = YES;
				GCC_WARN_ABOUT_RETURN_TYPE = YES_ERROR;
				GCC_WARN_UNDECLARED_SELECTOR = YES;
				GCC_WARN_UNINITIALIZED_AUTOS = YES_AGGRESSIVE;
				GCC_WARN_UNUSED_FUNCTION = YES;
				GCC_WARN_UNUSED_VARIABLE = YES;
				LOCALIZATION_PREFERS_STRING_CATALOGS = YES;
				MTL_ENABLE_DEBUG_INFO = NO;
				MTL_FAST_MATH = YES;
				SWIFT_COMPILATION_MODE = wholemodule;
			};
			name = Release;
		};
		5C5BB9632B5E63D400ABB76C /* Debug */ = {
			isa = XCBuildConfiguration;
			buildSettings = {
				ALWAYS_EMBED_SWIFT_STANDARD_LIBRARIES = YES;
				ASSETCATALOG_COMPILER_APPICON_NAME = AppIcon;
				ASSETCATALOG_COMPILER_GLOBAL_ACCENT_COLOR_NAME = AccentColor;
				CODE_SIGN_ENTITLEMENTS = Loadle/Loadle.entitlements;
				CODE_SIGN_STYLE = Automatic;
				CURRENT_PROJECT_VERSION = 1;
				DEVELOPMENT_ASSET_PATHS = "\"Loadle/Preview Content\"";
				DEVELOPMENT_TEAM = 27QQ4H5V76;
				ENABLE_HARDENED_RUNTIME = YES;
				ENABLE_PREVIEWS = YES;
				ENABLE_USER_SCRIPT_SANDBOXING = NO;
				GENERATE_INFOPLIST_FILE = YES;
				INFOPLIST_FILE = Loadle/Info.plist;
				INFOPLIST_KEY_LSApplicationCategoryType = "public.app-category.utilities";
				INFOPLIST_KEY_UIApplicationSceneManifest_Generation = YES;
				"INFOPLIST_KEY_UIApplicationSceneManifest_Generation[sdk=iphoneos*]" = YES;
				"INFOPLIST_KEY_UIApplicationSceneManifest_Generation[sdk=iphonesimulator*]" = YES;
				"INFOPLIST_KEY_UIApplicationSupportsIndirectInputEvents[sdk=iphoneos*]" = YES;
				"INFOPLIST_KEY_UIApplicationSupportsIndirectInputEvents[sdk=iphonesimulator*]" = YES;
				"INFOPLIST_KEY_UILaunchScreen_Generation[sdk=iphoneos*]" = YES;
				"INFOPLIST_KEY_UILaunchScreen_Generation[sdk=iphonesimulator*]" = YES;
				"INFOPLIST_KEY_UIStatusBarStyle[sdk=iphoneos*]" = UIStatusBarStyleDefault;
				"INFOPLIST_KEY_UIStatusBarStyle[sdk=iphonesimulator*]" = UIStatusBarStyleDefault;
				INFOPLIST_KEY_UISupportedInterfaceOrientations_iPad = "UIInterfaceOrientationPortrait UIInterfaceOrientationPortraitUpsideDown UIInterfaceOrientationLandscapeLeft UIInterfaceOrientationLandscapeRight";
				INFOPLIST_KEY_UISupportedInterfaceOrientations_iPhone = "UIInterfaceOrientationPortrait UIInterfaceOrientationLandscapeLeft UIInterfaceOrientationLandscapeRight";
				IPHONEOS_DEPLOYMENT_TARGET = 17.2;
				LD_RUNPATH_SEARCH_PATHS = "@executable_path/Frameworks";
				"LD_RUNPATH_SEARCH_PATHS[sdk=macosx*]" = "@executable_path/../Frameworks";
				MACOSX_DEPLOYMENT_TARGET = 14.0;
				MARKETING_VERSION = 1.0;
				PRODUCT_BUNDLE_IDENTIFIER = io.lucaa.Loadle;
				PRODUCT_NAME = "$(TARGET_NAME)";
				SDKROOT = auto;
				SUPPORTED_PLATFORMS = "iphoneos iphonesimulator xros xrsimulator";
				SUPPORTS_MACCATALYST = NO;
				SUPPORTS_MAC_DESIGNED_FOR_IPHONE_IPAD = YES;
				SWIFT_EMIT_LOC_STRINGS = YES;
				SWIFT_VERSION = 5.0;
				TARGETED_DEVICE_FAMILY = "1,2,7";
			};
			name = Debug;
		};
		5C5BB9642B5E63D400ABB76C /* Release */ = {
			isa = XCBuildConfiguration;
			buildSettings = {
				ALWAYS_EMBED_SWIFT_STANDARD_LIBRARIES = YES;
				ASSETCATALOG_COMPILER_APPICON_NAME = AppIcon;
				ASSETCATALOG_COMPILER_GLOBAL_ACCENT_COLOR_NAME = AccentColor;
				CODE_SIGN_ENTITLEMENTS = Loadle/Loadle.entitlements;
				CODE_SIGN_STYLE = Automatic;
				CURRENT_PROJECT_VERSION = 1;
				DEVELOPMENT_ASSET_PATHS = "\"Loadle/Preview Content\"";
				DEVELOPMENT_TEAM = 27QQ4H5V76;
				ENABLE_HARDENED_RUNTIME = YES;
				ENABLE_PREVIEWS = YES;
				ENABLE_USER_SCRIPT_SANDBOXING = NO;
				GENERATE_INFOPLIST_FILE = YES;
				INFOPLIST_FILE = Loadle/Info.plist;
				INFOPLIST_KEY_LSApplicationCategoryType = "public.app-category.utilities";
				INFOPLIST_KEY_UIApplicationSceneManifest_Generation = YES;
				"INFOPLIST_KEY_UIApplicationSceneManifest_Generation[sdk=iphoneos*]" = YES;
				"INFOPLIST_KEY_UIApplicationSceneManifest_Generation[sdk=iphonesimulator*]" = YES;
				"INFOPLIST_KEY_UIApplicationSupportsIndirectInputEvents[sdk=iphoneos*]" = YES;
				"INFOPLIST_KEY_UIApplicationSupportsIndirectInputEvents[sdk=iphonesimulator*]" = YES;
				"INFOPLIST_KEY_UILaunchScreen_Generation[sdk=iphoneos*]" = YES;
				"INFOPLIST_KEY_UILaunchScreen_Generation[sdk=iphonesimulator*]" = YES;
				"INFOPLIST_KEY_UIStatusBarStyle[sdk=iphoneos*]" = UIStatusBarStyleDefault;
				"INFOPLIST_KEY_UIStatusBarStyle[sdk=iphonesimulator*]" = UIStatusBarStyleDefault;
				INFOPLIST_KEY_UISupportedInterfaceOrientations_iPad = "UIInterfaceOrientationPortrait UIInterfaceOrientationPortraitUpsideDown UIInterfaceOrientationLandscapeLeft UIInterfaceOrientationLandscapeRight";
				INFOPLIST_KEY_UISupportedInterfaceOrientations_iPhone = "UIInterfaceOrientationPortrait UIInterfaceOrientationLandscapeLeft UIInterfaceOrientationLandscapeRight";
				IPHONEOS_DEPLOYMENT_TARGET = 17.2;
				LD_RUNPATH_SEARCH_PATHS = "@executable_path/Frameworks";
				"LD_RUNPATH_SEARCH_PATHS[sdk=macosx*]" = "@executable_path/../Frameworks";
				MACOSX_DEPLOYMENT_TARGET = 14.0;
				MARKETING_VERSION = 1.0;
				PRODUCT_BUNDLE_IDENTIFIER = io.lucaa.Loadle;
				PRODUCT_NAME = "$(TARGET_NAME)";
				SDKROOT = auto;
				SUPPORTED_PLATFORMS = "iphoneos iphonesimulator xros xrsimulator";
				SUPPORTS_MACCATALYST = NO;
				SUPPORTS_MAC_DESIGNED_FOR_IPHONE_IPAD = YES;
				SWIFT_EMIT_LOC_STRINGS = YES;
				SWIFT_VERSION = 5.0;
				TARGETED_DEVICE_FAMILY = "1,2,7";
			};
			name = Release;
		};
/* End XCBuildConfiguration section */

/* Begin XCConfigurationList section */
		5C5BB94B2B5E63D300ABB76C /* Build configuration list for PBXProject "Loadle" */ = {
			isa = XCConfigurationList;
			buildConfigurations = (
				5C5BB9602B5E63D400ABB76C /* Debug */,
				5C5BB9612B5E63D400ABB76C /* Release */,
			);
			defaultConfigurationIsVisible = 0;
			defaultConfigurationName = Release;
		};
		5C5BB9622B5E63D400ABB76C /* Build configuration list for PBXNativeTarget "Loadle" */ = {
			isa = XCConfigurationList;
			buildConfigurations = (
				5C5BB9632B5E63D400ABB76C /* Debug */,
				5C5BB9642B5E63D400ABB76C /* Release */,
			);
			defaultConfigurationIsVisible = 0;
			defaultConfigurationName = Release;
		};
/* End XCConfigurationList section */

/* Begin XCRemoteSwiftPackageReference section */
		5C2E74DB2BDBA15000322A40 /* XCRemoteSwiftPackageReference "BottomSheet" */ = {
			isa = XCRemoteSwiftPackageReference;
			repositoryURL = "https://github.com/Kaww/BottomSheet";
			requirement = {
				branch = main;
				kind = branch;
			};
		};
		5C6CF9F02B9F69F5005C7F42 /* XCRemoteSwiftPackageReference "swift-async-queue" */ = {
			isa = XCRemoteSwiftPackageReference;
			repositoryURL = "https://github.com/dfed/swift-async-queue";
			requirement = {
				kind = upToNextMajorVersion;
				minimumVersion = 0.5.2;
			};
		};
		5CA1BAD92BB453C100A7CA15 /* XCRemoteSwiftPackageReference "Nuke" */ = {
			isa = XCRemoteSwiftPackageReference;
			repositoryURL = "https://github.com/kean/Nuke.git";
			requirement = {
				kind = upToNextMajorVersion;
				minimumVersion = 12.5.0;
			};
		};
		5CDA8C512BDE7536009E6EAA /* XCRemoteSwiftPackageReference "purchases-ios" */ = {
			isa = XCRemoteSwiftPackageReference;
			repositoryURL = "https://github.com/RevenueCat/purchases-ios.git";
			requirement = {
				kind = upToNextMajorVersion;
				minimumVersion = 4.41.1;
			};
		};
		5CF4D5C32BA8D4E80000F754 /* XCRemoteSwiftPackageReference "Zip" */ = {
			isa = XCRemoteSwiftPackageReference;
			repositoryURL = "https://github.com/marmelroy/Zip.git";
			requirement = {
				kind = upToNextMajorVersion;
				minimumVersion = 2.1.2;
			};
		};
/* End XCRemoteSwiftPackageReference section */

/* Begin XCSwiftPackageProductDependency section */
		5C06E16D2B8E8E5200F94F79 /* LocalStorage */ = {
			isa = XCSwiftPackageProductDependency;
			productName = LocalStorage;
		};
		5C2E74DC2BDBA15100322A40 /* BottomSheet */ = {
			isa = XCSwiftPackageProductDependency;
			package = 5C2E74DB2BDBA15000322A40 /* XCRemoteSwiftPackageReference "BottomSheet" */;
			productName = BottomSheet;
		};
		5C5BB96B2B5E658C00ABB76C /* Logger */ = {
			isa = XCSwiftPackageProductDependency;
			productName = Logger;
		};
		5CA1BADA2BB453C100A7CA15 /* Nuke */ = {
			isa = XCSwiftPackageProductDependency;
			package = 5CA1BAD92BB453C100A7CA15 /* XCRemoteSwiftPackageReference "Nuke" */;
			productName = Nuke;
		};
		5CA1BADC2BB453C100A7CA15 /* NukeExtensions */ = {
			isa = XCSwiftPackageProductDependency;
			package = 5CA1BAD92BB453C100A7CA15 /* XCRemoteSwiftPackageReference "Nuke" */;
			productName = NukeExtensions;
		};
		5CA1BADE2BB453C100A7CA15 /* NukeUI */ = {
			isa = XCSwiftPackageProductDependency;
			package = 5CA1BAD92BB453C100A7CA15 /* XCRemoteSwiftPackageReference "Nuke" */;
			productName = NukeUI;
		};
		5CA1BAE02BB453C100A7CA15 /* NukeVideo */ = {
			isa = XCSwiftPackageProductDependency;
			package = 5CA1BAD92BB453C100A7CA15 /* XCRemoteSwiftPackageReference "Nuke" */;
			productName = NukeVideo;
		};
		5CC83DA92B6FD995005948C1 /* Fundamentals */ = {
			isa = XCSwiftPackageProductDependency;
			productName = Fundamentals;
		};
		5CC83DAC2B6FDBD7005948C1 /* REST */ = {
			isa = XCSwiftPackageProductDependency;
			productName = REST;
		};
		5CCA9A312B7C9B05000307C1 /* Constants */ = {
			isa = XCSwiftPackageProductDependency;
			productName = Constants;
		};
		5CCA9A3A2B7CB826000307C1 /* Environments */ = {
			isa = XCSwiftPackageProductDependency;
			productName = Environments;
		};
		5CCA9A3E2B7CC2A9000307C1 /* Models */ = {
			isa = XCSwiftPackageProductDependency;
			productName = Models;
		};
		5CDA8C522BDE7536009E6EAA /* RevenueCat */ = {
			isa = XCSwiftPackageProductDependency;
			package = 5CDA8C512BDE7536009E6EAA /* XCRemoteSwiftPackageReference "purchases-ios" */;
			productName = RevenueCat;
		};
		5CDA8C542BDE7536009E6EAA /* RevenueCatUI */ = {
			isa = XCSwiftPackageProductDependency;
			package = 5CDA8C512BDE7536009E6EAA /* XCRemoteSwiftPackageReference "purchases-ios" */;
			productName = RevenueCatUI;
		};
		5CF4D5C42BA8D4E80000F754 /* Zip */ = {
			isa = XCSwiftPackageProductDependency;
			package = 5CF4D5C32BA8D4E80000F754 /* XCRemoteSwiftPackageReference "Zip" */;
			productName = Zip;
		};
/* End XCSwiftPackageProductDependency section */
	};
	rootObject = 5C5BB9482B5E63D300ABB76C /* Project object */;
}
