{
  "pins" : [
    {
      "identity" : "bodega",
      "kind" : "remoteSourceControl",
      "location" : "https://github.com/mergesort/Bodega.git",
      "state" : {
        "revision" : "37625adb4a3d9412353915fab4066e4e944cc769",
        "version" : "2.1.2"
      }
    },
    {
      "identity" : "nuke",
      "kind" : "remoteSourceControl",
      "location" : "https://github.com/kean/Nuke.git",
      "state" : {
        "revision" : "4625c73ea00a9fb4b4f3e28d95d0021a44af7e59",
        "version" : "12.5.0"
      }
    },
    {
      "identity" : "sqlite.swift",
      "kind" : "remoteSourceControl",
      "location" : "https://github.com/stephencelis/SQLite.swift.git",
      "state" : {
        "revision" : "a95fc6df17d108bd99210db5e8a9bac90fe984b8",
        "version" : "0.15.3"
      }
    },
    {
      "identity" : "swift-async-queue",
      "kind" : "remoteSourceControl",
      "location" : "https://github.com/dfed/swift-async-queue",
      "state" : {
        "revision" : "90c0ac3661a4fae9f7b94f45316046805f5b2478",
        "version" : "0.5.2"
      }
    },
    {
      "identity" : "swiftgenplugin",
      "kind" : "remoteSourceControl",
      "location" : "https://github.com/SwiftGen/SwiftGenPlugin",
      "state" : {
        "revision" : "879b85a470cacd70c19e22eb7e11a3aed66f4068",
        "version" : "6.6.2"
      }
    },
    {
      "identity" : "welcome-sheet",
      "kind" : "remoteSourceControl",
      "location" : "https://github.com/MAJKFL/Welcome-Sheet",
      "state" : {
        "branch" : "main",
        "revision" : "93332013d3253bcf0f748a008400d542fb9c9c3e"
      }
    },
    {
      "identity" : "zip",
      "kind" : "remoteSourceControl",
      "location" : "https://github.com/marmelroy/Zip.git",
      "state" : {
        "revision" : "67fa55813b9e7b3b9acee9c0ae501def28746d76",
        "version" : "2.1.2"
      }
    }
  ],
  "version" : 2
}
